
Microsoft Visual Studio Solution File, Format Version 12.00
# Visual Studio Version 17
VisualStudioVersion = 17.3.32929.385
MinimumVisualStudioVersion = 10.0.40219.1
Project("{FAE04EC0-301F-11D3-BF4B-00C04F79EFBC}") = "LandMilitaryEquipment_PR5_MD", "LandMilitaryEquipment_PR5_MD\LandMilitaryEquipment_PR5_MD.csproj", "{8D9C3788-3DF9-467F-B5DB-80162217087F}"
EndProject
Global
	GlobalSection(SolutionConfigurationPlatforms) = preSolution
		Debug|Any CPU = Debug|Any CPU
		Release|Any CPU = Release|Any CPU
	EndGlobalSection
	GlobalSection(ProjectConfigurationPlatforms) = postSolution
		{8D9C3788-3DF9-467F-B5DB-80162217087F}.Debug|Any CPU.ActiveCfg = Debug|Any CPU
		{8D9C3788-3DF9-467F-B5DB-80162217087F}.Debug|Any CPU.Build.0 = Debug|Any CPU
		{8D9C3788-3DF9-467F-B5DB-80162217087F}.Release|Any CPU.ActiveCfg = Release|Any CPU
		{8D9C3788-3DF9-467F-B5DB-80162217087F}.Release|Any CPU.Build.0 = Release|Any CPU
	EndGlobalSection
	GlobalSection(SolutionProperties) = preSolution
		HideSolutionNode = FALSE
	EndGlobalSection
	GlobalSection(ExtensibilityGlobals) = postSolution
		SolutionGuid = {F9082284-AC3A-4C0F-99EF-9A459D25F86F}
	EndGlobalSection
EndGlobal
